# THIS IS AN AUTOGENERATED FILE. DO NOT EDIT THIS FILE DIRECTLY.
# yarn lockfile v1


"@prisma/client@^5.13.0":
  version "5.13.0"
  resolved "https://registry.yarnpkg.com/@prisma/client/-/client-5.13.0.tgz#b9f1d0983d714e982675201d8222a9ecb4bdad4a"
  integrity sha512-uYdfpPncbZ/syJyiYBwGZS8Gt1PTNoErNYMuqHDa2r30rNSFtgTA/LXsSk55R7pdRTMi5pHkeP9B14K6nHmwkg==
